
Microsoft Visual Studio Solution File, Format Version 12.00
# Visual Studio Version 16
VisualStudioVersion = 16.0.810.21
MinimumVisualStudioVersion = 10.0.40219.1
Project("{FAE04EC0-301F-11D3-BF4B-00C04F79EFBC}") = "HelloWorld", "HelloWorld\HelloWorld.csproj", "{D2BF64C7-A7F2-4C3E-9BA9-9BD73D882232}"
EndProject
Global
	GlobalSection(SolutionConfigurationPlatforms) = preSolution
		Debug|Any CPU = Debug|Any CPU
		Release|Any CPU = Release|Any CPU
	EndGlobalSection
	GlobalSection(ProjectConfigurationPlatforms) = postSolution
		{D2BF64C7-A7F2-4C3E-9BA9-9BD73D882232}.Debug|Any CPU.ActiveCfg = Debug|Any CPU
		{D2BF64C7-A7F2-4C3E-9BA9-9BD73D882232}.Debug|Any CPU.Build.0 = Debug|Any CPU
		{D2BF64C7-A7F2-4C3E-9BA9-9BD73D882232}.Release|Any CPU.ActiveCfg = Release|Any CPU
		{D2BF64C7-A7F2-4C3E-9BA9-9BD73D882232}.Release|Any CPU.Build.0 = Release|Any CPU
	EndGlobalSection
	GlobalSection(SolutionProperties) = preSolution
		HideSolutionNode = FALSE
	EndGlobalSection
	GlobalSection(ExtensibilityGlobals) = postSolution
		SolutionGuid = {FCF77D6B-3E24-4F42-8285-CE5C74015779}
	EndGlobalSection
EndGlobal
